
Microsoft Visual Studio Solution File, Format Version 12.00
# Visual Studio 15
VisualStudioVersion = 15.0.28010.2050
MinimumVisualStudioVersion = 10.0.40219.1
Project("{FAE04EC0-301F-11D3-BF4B-00C04F79EFBC}") = "NewsWebApp", "NewsWebApp\NewsWebApp.csproj", "{28F815CE-5C43-4F50-8E23-5DB968582B48}"
EndProject
Global
	GlobalSection(SolutionConfigurationPlatforms) = preSolution
		Debug|Any CPU = Debug|Any CPU
		Release|Any CPU = Release|Any CPU
	EndGlobalSection
	GlobalSection(ProjectConfigurationPlatforms) = postSolution
		{28F815CE-5C43-4F50-8E23-5DB968582B48}.Debug|Any CPU.ActiveCfg = Debug|Any CPU
		{28F815CE-5C43-4F50-8E23-5DB968582B48}.Debug|Any CPU.Build.0 = Debug|Any CPU
		{28F815CE-5C43-4F50-8E23-5DB968582B48}.Release|Any CPU.ActiveCfg = Release|Any CPU
		{28F815CE-5C43-4F50-8E23-5DB968582B48}.Release|Any CPU.Build.0 = Release|Any CPU
	EndGlobalSection
	GlobalSection(SolutionProperties) = preSolution
		HideSolutionNode = FALSE
	EndGlobalSection
	GlobalSection(ExtensibilityGlobals) = postSolution
		SolutionGuid = {1F9FEBA9-BABC-4566-B2F4-484A846F0D55}
	EndGlobalSection
EndGlobal
